// !$*UTF8*$!
{
	archiveVersion = 1;
	classes = {
	};
	objectVersion = 46;
	objects = {

/* Begin PBXBuildFile section */
		1B621ED61E9E314C0018BE43 /* CheckIfPointIsNearLine.swift in Sources */ = {isa = PBXBuildFile; fileRef = 1B621ED51E9E314C0018BE43 /* CheckIfPointIsNearLine.swift */; };
		1BB5B5DF1E99E50D005C042F /* delivertJobClass.swift in Sources */ = {isa = PBXBuildFile; fileRef = 1BB5B5DE1E99E50D005C042F /* delivertJobClass.swift */; };
		1BB5B5E11E99EA9D005C042F /* getServerFromInfoPlist.swift in Sources */ = {isa = PBXBuildFile; fileRef = 1BB5B5E01E99EA9D005C042F /* getServerFromInfoPlist.swift */; };
		1BB622D71E9765B200CAD30C /* AppDelegate.swift in Sources */ = {isa = PBXBuildFile; fileRef = 1BB622D61E9765B200CAD30C /* AppDelegate.swift */; };
		1BB622D91E9765B200CAD30C /* ViewController.swift in Sources */ = {isa = PBXBuildFile; fileRef = 1BB622D81E9765B200CAD30C /* ViewController.swift */; };
		1BB622DC1E9765B200CAD30C /* Main.storyboard in Resources */ = {isa = PBXBuildFile; fileRef = 1BB622DA1E9765B200CAD30C /* Main.storyboard */; };
		1BB622DF1E9765B200CAD30C /* delivery.xcdatamodeld in Sources */ = {isa = PBXBuildFile; fileRef = 1BB622DD1E9765B200CAD30C /* delivery.xcdatamodeld */; };
		1BB622E11E9765B200CAD30C /* Assets.xcassets in Resources */ = {isa = PBXBuildFile; fileRef = 1BB622E01E9765B200CAD30C /* Assets.xcassets */; };
		1BB622E41E9765B200CAD30C /* LaunchScreen.storyboard in Resources */ = {isa = PBXBuildFile; fileRef = 1BB622E21E9765B200CAD30C /* LaunchScreen.storyboard */; };
		1BB622EF1E9765B200CAD30C /* deliveryTests.swift in Sources */ = {isa = PBXBuildFile; fileRef = 1BB622EE1E9765B200CAD30C /* deliveryTests.swift */; };
		1BB622FA1E9765B200CAD30C /* deliveryUITests.swift in Sources */ = {isa = PBXBuildFile; fileRef = 1BB622F91E9765B200CAD30C /* deliveryUITests.swift */; };
		38A5B4243201BFE3FCDCE128 /* Pods_delivery.framework in Frameworks */ = {isa = PBXBuildFile; fileRef = F5B2A658D2018B865C29A238 /* Pods_delivery.framework */; };
/* End PBXBuildFile section */

/* Begin PBXContainerItemProxy section */
		1BB622EB1E9765B200CAD30C /* PBXContainerItemProxy */ = {
			isa = PBXContainerItemProxy;
			containerPortal = 1BB622CB1E9765B200CAD30C /* Project object */;
			proxyType = 1;
			remoteGlobalIDString = 1BB622D21E9765B200CAD30C;
			remoteInfo = delivery;
		};
		1BB622F61E9765B200CAD30C /* PBXContainerItemProxy */ = {
			isa = PBXContainerItemProxy;
			containerPortal = 1BB622CB1E9765B200CAD30C /* Project object */;
			proxyType = 1;
			remoteGlobalIDString = 1BB622D21E9765B200CAD30C;
			remoteInfo = delivery;
		};
/* End PBXContainerItemProxy section */

/* Begin PBXFileReference section */
		1B621ED51E9E314C0018BE43 /* CheckIfPointIsNearLine.swift */ = {isa = PBXFileReference; fileEncoding = 4; lastKnownFileType = sourcecode.swift; path = CheckIfPointIsNearLine.swift; sourceTree = "<group>"; };
		1BB5B5DE1E99E50D005C042F /* delivertJobClass.swift */ = {isa = PBXFileReference; fileEncoding = 4; lastKnownFileType = sourcecode.swift; path = delivertJobClass.swift; sourceTree = "<group>"; };
		1BB5B5E01E99EA9D005C042F /* getServerFromInfoPlist.swift */ = {isa = PBXFileReference; fileEncoding = 4; lastKnownFileType = sourcecode.swift; path = getServerFromInfoPlist.swift; sourceTree = "<group>"; };
		1BB622D31E9765B200CAD30C /* delivery.app */ = {isa = PBXFileReference; explicitFileType = wrapper.application; includeInIndex = 0; path = delivery.app; sourceTree = BUILT_PRODUCTS_DIR; };
		1BB622D61E9765B200CAD30C /* AppDelegate.swift */ = {isa = PBXFileReference; lastKnownFileType = sourcecode.swift; path = AppDelegate.swift; sourceTree = "<group>"; };
		1BB622D81E9765B200CAD30C /* ViewController.swift */ = {isa = PBXFileReference; lastKnownFileType = sourcecode.swift; path = ViewController.swift; sourceTree = "<group>"; };
		1BB622DB1E9765B200CAD30C /* Base */ = {isa = PBXFileReference; lastKnownFileType = file.storyboard; name = Base; path = Base.lproj/Main.storyboard; sourceTree = "<group>"; };
		1BB622DE1E9765B200CAD30C /* delivery.xcdatamodel */ = {isa = PBXFileReference; lastKnownFileType = wrapper.xcdatamodel; path = delivery.xcdatamodel; sourceTree = "<group>"; };
		1BB622E01E9765B200CAD30C /* Assets.xcassets */ = {isa = PBXFileReference; lastKnownFileType = folder.assetcatalog; path = Assets.xcassets; sourceTree = "<group>"; };
		1BB622E31E9765B200CAD30C /* Base */ = {isa = PBXFileReference; lastKnownFileType = file.storyboard; name = Base; path = Base.lproj/LaunchScreen.storyboard; sourceTree = "<group>"; };
		1BB622E51E9765B200CAD30C /* Info.plist */ = {isa = PBXFileReference; lastKnownFileType = text.plist.xml; path = Info.plist; sourceTree = "<group>"; };
		1BB622EA1E9765B200CAD30C /* deliveryTests.xctest */ = {isa = PBXFileReference; explicitFileType = wrapper.cfbundle; includeInIndex = 0; path = deliveryTests.xctest; sourceTree = BUILT_PRODUCTS_DIR; };
		1BB622EE1E9765B200CAD30C /* deliveryTests.swift */ = {isa = PBXFileReference; lastKnownFileType = sourcecode.swift; path = deliveryTests.swift; sourceTree = "<group>"; };
		1BB622F01E9765B200CAD30C /* Info.plist */ = {isa = PBXFileReference; lastKnownFileType = text.plist.xml; path = Info.plist; sourceTree = "<group>"; };
		1BB622F51E9765B200CAD30C /* deliveryUITests.xctest */ = {isa = PBXFileReference; explicitFileType = wrapper.cfbundle; includeInIndex = 0; path = deliveryUITests.xctest; sourceTree = BUILT_PRODUCTS_DIR; };
		1BB622F91E9765B200CAD30C /* deliveryUITests.swift */ = {isa = PBXFileReference; lastKnownFileType = sourcecode.swift; path = deliveryUITests.swift; sourceTree = "<group>"; };
		1BB622FB1E9765B200CAD30C /* Info.plist */ = {isa = PBXFileReference; lastKnownFileType = text.plist.xml; path = Info.plist; sourceTree = "<group>"; };
		4C29E6AA1EA66C42F36CC766 /* Pods-delivery.debug.xcconfig */ = {isa = PBXFileReference; includeInIndex = 1; lastKnownFileType = text.xcconfig; name = "Pods-delivery.debug.xcconfig"; path = "Pods/Target Support Files/Pods-delivery/Pods-delivery.debug.xcconfig"; sourceTree = "<group>"; };
		A033DC819FBBA28DED248F14 /* Pods-delivery.release.xcconfig */ = {isa = PBXFileReference; includeInIndex = 1; lastKnownFileType = text.xcconfig; name = "Pods-delivery.release.xcconfig"; path = "Pods/Target Support Files/Pods-delivery/Pods-delivery.release.xcconfig"; sourceTree = "<group>"; };
		F5B2A658D2018B865C29A238 /* Pods_delivery.framework */ = {isa = PBXFileReference; explicitFileType = wrapper.framework; includeInIndex = 0; path = Pods_delivery.framework; sourceTree = BUILT_PRODUCTS_DIR; };
/* End PBXFileReference section */

/* Begin PBXFrameworksBuildPhase section */
		1BB622D01E9765B200CAD30C /* Frameworks */ = {
			isa = PBXFrameworksBuildPhase;
			buildActionMask = 2147483647;
			files = (
				38A5B4243201BFE3FCDCE128 /* Pods_delivery.framework in Frameworks */,
			);
			runOnlyForDeploymentPostprocessing = 0;
		};
		1BB622E71E9765B200CAD30C /* Frameworks */ = {
			isa = PBXFrameworksBuildPhase;
			buildActionMask = 2147483647;
			files = (
			);
			runOnlyForDeploymentPostprocessing = 0;
		};
		1BB622F21E9765B200CAD30C /* Frameworks */ = {
			isa = PBXFrameworksBuildPhase;
			buildActionMask = 2147483647;
			files = (
			);
			runOnlyForDeploymentPostprocessing = 0;
		};
/* End PBXFrameworksBuildPhase section */

/* Begin PBXGroup section */
		061C904E0BE1054D49482E2F /* Frameworks */ = {
			isa = PBXGroup;
			children = (
				F5B2A658D2018B865C29A238 /* Pods_delivery.framework */,
			);
			name = Frameworks;
			sourceTree = "<group>";
		};
		1BB622CA1E9765B200CAD30C = {
			isa = PBXGroup;
			children = (
				1BB622D51E9765B200CAD30C /* delivery */,
				1BB622ED1E9765B200CAD30C /* deliveryTests */,
				1BB622F81E9765B200CAD30C /* deliveryUITests */,
				1BB622D41E9765B200CAD30C /* Products */,
				26C051B2F66C85BAA5DF044B /* Pods */,
				061C904E0BE1054D49482E2F /* Frameworks */,
			);
			sourceTree = "<group>";
		};
		1BB622D41E9765B200CAD30C /* Products */ = {
			isa = PBXGroup;
			children = (
				1BB622D31E9765B200CAD30C /* delivery.app */,
				1BB622EA1E9765B200CAD30C /* deliveryTests.xctest */,
				1BB622F51E9765B200CAD30C /* deliveryUITests.xctest */,
			);
			name = Products;
			sourceTree = "<group>";
		};
		1BB622D51E9765B200CAD30C /* delivery */ = {
			isa = PBXGroup;
			children = (
				1BB622D61E9765B200CAD30C /* AppDelegate.swift */,
				1BB622D81E9765B200CAD30C /* ViewController.swift */,
				1BB622DA1E9765B200CAD30C /* Main.storyboard */,
				1BB622E01E9765B200CAD30C /* Assets.xcassets */,
				1BB622E21E9765B200CAD30C /* LaunchScreen.storyboard */,
				1BB622E51E9765B200CAD30C /* Info.plist */,
				1BB622DD1E9765B200CAD30C /* delivery.xcdatamodeld */,
				1BB5B5DE1E99E50D005C042F /* delivertJobClass.swift */,
				1BB5B5E01E99EA9D005C042F /* getServerFromInfoPlist.swift */,
				1B621ED51E9E314C0018BE43 /* CheckIfPointIsNearLine.swift */,
			);
			path = delivery;
			sourceTree = "<group>";
		};
		1BB622ED1E9765B200CAD30C /* deliveryTests */ = {
			isa = PBXGroup;
			children = (
				1BB622EE1E9765B200CAD30C /* deliveryTests.swift */,
				1BB622F01E9765B200CAD30C /* Info.plist */,
			);
			path = deliveryTests;
			sourceTree = "<group>";
		};
		1BB622F81E9765B200CAD30C /* deliveryUITests */ = {
			isa = PBXGroup;
			children = (
				1BB622F91E9765B200CAD30C /* deliveryUITests.swift */,
				1BB622FB1E9765B200CAD30C /* Info.plist */,
			);
			path = deliveryUITests;
			sourceTree = "<group>";
		};
		26C051B2F66C85BAA5DF044B /* Pods */ = {
			isa = PBXGroup;
			children = (
				4C29E6AA1EA66C42F36CC766 /* Pods-delivery.debug.xcconfig */,
				A033DC819FBBA28DED248F14 /* Pods-delivery.release.xcconfig */,
			);
			name = Pods;
			sourceTree = "<group>";
		};
/* End PBXGroup section */

/* Begin PBXNativeTarget section */
		1BB622D21E9765B200CAD30C /* delivery */ = {
			isa = PBXNativeTarget;
			buildConfigurationList = 1BB622FE1E9765B200CAD30C /* Build configuration list for PBXNativeTarget "delivery" */;
			buildPhases = (
				D1768B9C734CFB07F40A8450 /* [CP] Check Pods Manifest.lock */,
				1BB622CF1E9765B200CAD30C /* Sources */,
				1BB622D01E9765B200CAD30C /* Frameworks */,
				1BB622D11E9765B200CAD30C /* Resources */,
				874676725341DF6D96E39EB7 /* [CP] Embed Pods Frameworks */,
				E28E278B0986EB581B0BF04F /* [CP] Copy Pods Resources */,
			);
			buildRules = (
			);
			dependencies = (
			);
			name = delivery;
			productName = delivery;
			productReference = 1BB622D31E9765B200CAD30C /* delivery.app */;
			productType = "com.apple.product-type.application";
		};
		1BB622E91E9765B200CAD30C /* deliveryTests */ = {
			isa = PBXNativeTarget;
			buildConfigurationList = 1BB623011E9765B200CAD30C /* Build configuration list for PBXNativeTarget "deliveryTests" */;
			buildPhases = (
				1BB622E61E9765B200CAD30C /* Sources */,
				1BB622E71E9765B200CAD30C /* Frameworks */,
				1BB622E81E9765B200CAD30C /* Resources */,
			);
			buildRules = (
			);
			dependencies = (
				1BB622EC1E9765B200CAD30C /* PBXTargetDependency */,
			);
			name = deliveryTests;
			productName = deliveryTests;
			productReference = 1BB622EA1E9765B200CAD30C /* deliveryTests.xctest */;
			productType = "com.apple.product-type.bundle.unit-test";
		};
		1BB622F41E9765B200CAD30C /* deliveryUITests */ = {
			isa = PBXNativeTarget;
			buildConfigurationList = 1BB623041E9765B200CAD30C /* Build configuration list for PBXNativeTarget "deliveryUITests" */;
			buildPhases = (
				1BB622F11E9765B200CAD30C /* Sources */,
				1BB622F21E9765B200CAD30C /* Frameworks */,
				1BB622F31E9765B200CAD30C /* Resources */,
			);
			buildRules = (
			);
			dependencies = (
				1BB622F71E9765B200CAD30C /* PBXTargetDependency */,
			);
			name = deliveryUITests;
			productName = deliveryUITests;
			productReference = 1BB622F51E9765B200CAD30C /* deliveryUITests.xctest */;
			productType = "com.apple.product-type.bundle.ui-testing";
		};
/* End PBXNativeTarget section */

/* Begin PBXProject section */
		1BB622CB1E9765B200CAD30C /* Project object */ = {
			isa = PBXProject;
			attributes = {
				LastSwiftUpdateCheck = 0830;
				LastUpgradeCheck = 0830;
				ORGANIZATIONNAME = "Arslan Ablikim";
				TargetAttributes = {
					1BB622D21E9765B200CAD30C = {
						CreatedOnToolsVersion = 8.3;
						DevelopmentTeam = 7XX95HRPFP;
						ProvisioningStyle = Automatic;
					};
					1BB622E91E9765B200CAD30C = {
						CreatedOnToolsVersion = 8.3;
						ProvisioningStyle = Automatic;
						TestTargetID = 1BB622D21E9765B200CAD30C;
					};
					1BB622F41E9765B200CAD30C = {
						CreatedOnToolsVersion = 8.3;
						ProvisioningStyle = Automatic;
						TestTargetID = 1BB622D21E9765B200CAD30C;
					};
				};
			};
			buildConfigurationList = 1BB622CE1E9765B200CAD30C /* Build configuration list for PBXProject "delivery" */;
			compatibilityVersion = "Xcode 3.2";
			developmentRegion = English;
			hasScannedForEncodings = 0;
			knownRegions = (
				en,
				Base,
			);
			mainGroup = 1BB622CA1E9765B200CAD30C;
			productRefGroup = 1BB622D41E9765B200CAD30C /* Products */;
			projectDirPath = "";
			projectRoot = "";
			targets = (
				1BB622D21E9765B200CAD30C /* delivery */,
				1BB622E91E9765B200CAD30C /* deliveryTests */,
				1BB622F41E9765B200CAD30C /* deliveryUITests */,
			);
		};
/* End PBXProject section */

/* Begin PBXResourcesBuildPhase section */
		1BB622D11E9765B200CAD30C /* Resources */ = {
			isa = PBXResourcesBuildPhase;
			buildActionMask = 2147483647;
			files = (
				1BB622E41E9765B200CAD30C /* LaunchScreen.storyboard in Resources */,
				1BB622E11E9765B200CAD30C /* Assets.xcassets in Resources */,
				1BB622DC1E9765B200CAD30C /* Main.storyboard in Resources */,
			);
			runOnlyForDeploymentPostprocessing = 0;
		};
		1BB622E81E9765B200CAD30C /* Resources */ = {
			isa = PBXResourcesBuildPhase;
			buildActionMask = 2147483647;
			files = (
			);
			runOnlyForDeploymentPostprocessing = 0;
		};
		1BB622F31E9765B200CAD30C /* Resources */ = {
			isa = PBXResourcesBuildPhase;
			buildActionMask = 2147483647;
			files = (
			);
			runOnlyForDeploymentPostprocessing = 0;
		};
/* End PBXResourcesBuildPhase section */

/* Begin PBXShellScriptBuildPhase section */
		874676725341DF6D96E39EB7 /* [CP] Embed Pods Frameworks */ = {
			isa = PBXShellScriptBuildPhase;
			buildActionMask = 2147483647;
			files = (
			);
			inputPaths = (
			);
			name = "[CP] Embed Pods Frameworks";
			outputPaths = (
			);
			runOnlyForDeploymentPostprocessing = 0;
			shellPath = /bin/sh;
			shellScript = "\"${SRCROOT}/Pods/Target Support Files/Pods-delivery/Pods-delivery-frameworks.sh\"\n";
			showEnvVarsInLog = 0;
		};
		D1768B9C734CFB07F40A8450 /* [CP] Check Pods Manifest.lock */ = {
			isa = PBXShellScriptBuildPhase;
			buildActionMask = 2147483647;
			files = (
			);
			inputPaths = (
			);
			name = "[CP] Check Pods Manifest.lock";
			outputPaths = (
			);
			runOnlyForDeploymentPostprocessing = 0;
			shellPath = /bin/sh;
			shellScript = "diff \"${PODS_ROOT}/../Podfile.lock\" \"${PODS_ROOT}/Manifest.lock\" > /dev/null\nif [ $? != 0 ] ; then\n    # print error to STDERR\n    echo \"error: The sandbox is not in sync with the Podfile.lock. Run 'pod install' or update your CocoaPods installation.\" >&2\n    exit 1\nfi\n";
			showEnvVarsInLog = 0;
		};
		E28E278B0986EB581B0BF04F /* [CP] Copy Pods Resources */ = {
			isa = PBXShellScriptBuildPhase;
			buildActionMask = 2147483647;
			files = (
			);
			inputPaths = (
			);
			name = "[CP] Copy Pods Resources";
			outputPaths = (
			);
			runOnlyForDeploymentPostprocessing = 0;
			shellPath = /bin/sh;
			shellScript = "\"${SRCROOT}/Pods/Target Support Files/Pods-delivery/Pods-delivery-resources.sh\"\n";
			showEnvVarsInLog = 0;
		};
/* End PBXShellScriptBuildPhase section */

/* Begin PBXSourcesBuildPhase section */
		1BB622CF1E9765B200CAD30C /* Sources */ = {
			isa = PBXSourcesBuildPhase;
			buildActionMask = 2147483647;
			files = (
				1B621ED61E9E314C0018BE43 /* CheckIfPointIsNearLine.swift in Sources */,
				1BB622DF1E9765B200CAD30C /* delivery.xcdatamodeld in Sources */,
				1BB5B5DF1E99E50D005C042F /* delivertJobClass.swift in Sources */,
				1BB622D91E9765B200CAD30C /* ViewController.swift in Sources */,
				1BB5B5E11E99EA9D005C042F /* getServerFromInfoPlist.swift in Sources */,
				1BB622D71E9765B200CAD30C /* AppDelegate.swift in Sources */,
			);
			runOnlyForDeploymentPostprocessing = 0;
		};
		1BB622E61E9765B200CAD30C /* Sources */ = {
			isa = PBXSourcesBuildPhase;
			buildActionMask = 2147483647;
			files = (
				1BB622EF1E9765B200CAD30C /* deliveryTests.swift in Sources */,
			);
			runOnlyForDeploymentPostprocessing = 0;
		};
		1BB622F11E9765B200CAD30C /* Sources */ = {
			isa = PBXSourcesBuildPhase;
			buildActionMask = 2147483647;
			files = (
				1BB622FA1E9765B200CAD30C /* deliveryUITests.swift in Sources */,
			);
			runOnlyForDeploymentPostprocessing = 0;
		};
/* End PBXSourcesBuildPhase section */

/* Begin PBXTargetDependency section */
		1BB622EC1E9765B200CAD30C /* PBXTargetDependency */ = {
			isa = PBXTargetDependency;
			target = 1BB622D21E9765B200CAD30C /* delivery */;
			targetProxy = 1BB622EB1E9765B200CAD30C /* PBXContainerItemProxy */;
		};
		1BB622F71E9765B200CAD30C /* PBXTargetDependency */ = {
			isa = PBXTargetDependency;
			target = 1BB622D21E9765B200CAD30C /* delivery */;
			targetProxy = 1BB622F61E9765B200CAD30C /* PBXContainerItemProxy */;
		};
/* End PBXTargetDependency section */

/* Begin PBXVariantGroup section */
		1BB622DA1E9765B200CAD30C /* Main.storyboard */ = {
			isa = PBXVariantGroup;
			children = (
				1BB622DB1E9765B200CAD30C /* Base */,
			);
			name = Main.storyboard;
			sourceTree = "<group>";
		};
		1BB622E21E9765B200CAD30C /* LaunchScreen.storyboard */ = {
			isa = PBXVariantGroup;
			children = (
				1BB622E31E9765B200CAD30C /* Base */,
			);
			name = LaunchScreen.storyboard;
			sourceTree = "<group>";
		};
/* End PBXVariantGroup section */

/* Begin XCBuildConfiguration section */
		1BB622FC1E9765B200CAD30C /* Debug */ = {
			isa = XCBuildConfiguration;
			buildSettings = {
				ALWAYS_SEARCH_USER_PATHS = NO;
				CLANG_ANALYZER_NONNULL = YES;
				CLANG_ANALYZER_NUMBER_OBJECT_CONVERSION = YES_AGGRESSIVE;
				CLANG_CXX_LANGUAGE_STANDARD = "gnu++0x";
				CLANG_CXX_LIBRARY = "libc++";
				CLANG_ENABLE_MODULES = YES;
				CLANG_ENABLE_OBJC_ARC = YES;
				CLANG_WARN_BOOL_CONVERSION = YES;
				CLANG_WARN_CONSTANT_CONVERSION = YES;
				CLANG_WARN_DIRECT_OBJC_ISA_USAGE = YES_ERROR;
				CLANG_WARN_DOCUMENTATION_COMMENTS = YES;
				CLANG_WARN_EMPTY_BODY = YES;
				CLANG_WARN_ENUM_CONVERSION = YES;
				CLANG_WARN_INFINITE_RECURSION = YES;
				CLANG_WARN_INT_CONVERSION = YES;
				CLANG_WARN_OBJC_ROOT_CLASS = YES_ERROR;
				CLANG_WARN_SUSPICIOUS_MOVE = YES;
				CLANG_WARN_UNREACHABLE_CODE = YES;
				CLANG_WARN__DUPLICATE_METHOD_MATCH = YES;
				"CODE_SIGN_IDENTITY[sdk=iphoneos*]" = "iPhone Developer";
				COPY_PHASE_STRIP = NO;
				DEBUG_INFORMATION_FORMAT = dwarf;
				ENABLE_STRICT_OBJC_MSGSEND = YES;
				ENABLE_TESTABILITY = YES;
				GCC_C_LANGUAGE_STANDARD = gnu99;
				GCC_DYNAMIC_NO_PIC = NO;
				GCC_NO_COMMON_BLOCKS = YES;
				GCC_OPTIMIZATION_LEVEL = 0;
				GCC_PREPROCESSOR_DEFINITIONS = (
					"DEBUG=1",
					"$(inherited)",
				);
				GCC_WARN_64_TO_32_BIT_CONVERSION = YES;
				GCC_WARN_ABOUT_RETURN_TYPE = YES_ERROR;
				GCC_WARN_UNDECLARED_SELECTOR = YES;
				GCC_WARN_UNINITIALIZED_AUTOS = YES_AGGRESSIVE;
				GCC_WARN_UNUSED_FUNCTION = YES;
				GCC_WARN_UNUSED_VARIABLE = YES;
				IPHONEOS_DEPLOYMENT_TARGET = 10.3;
				MTL_ENABLE_DEBUG_INFO = YES;
				ONLY_ACTIVE_ARCH = YES;
				SDKROOT = iphoneos;
				SWIFT_ACTIVE_COMPILATION_CONDITIONS = DEBUG;
				SWIFT_OPTIMIZATION_LEVEL = "-Onone";
				TARGETED_DEVICE_FAMILY = "1,2";
			};
			name = Debug;
		};
		1BB622FD1E9765B200CAD30C /* Release */ = {
			isa = XCBuildConfiguration;
			buildSettings = {
				ALWAYS_SEARCH_USER_PATHS = NO;
				CLANG_ANALYZER_NONNULL = YES;
				CLANG_ANALYZER_NUMBER_OBJECT_CONVERSION = YES_AGGRESSIVE;
				CLANG_CXX_LANGUAGE_STANDARD = "gnu++0x";
				CLANG_CXX_LIBRARY = "libc++";
				CLANG_ENABLE_MODULES = YES;
				CLANG_ENABLE_OBJC_ARC = YES;
				CLANG_WARN_BOOL_CONVERSION = YES;
				CLANG_WARN_CONSTANT_CONVERSION = YES;
				CLANG_WARN_DIRECT_OBJC_ISA_USAGE = YES_ERROR;
				CLANG_WARN_DOCUMENTATION_COMMENTS = YES;
				CLANG_WARN_EMPTY_BODY = YES;
				CLANG_WARN_ENUM_CONVERSION = YES;
				CLANG_WARN_INFINITE_RECURSION = YES;
				CLANG_WARN_INT_CONVERSION = YES;
				CLANG_WARN_OBJC_ROOT_CLASS = YES_ERROR;
				CLANG_WARN_SUSPICIOUS_MOVE = YES;
				CLANG_WARN_UNREACHABLE_CODE = YES;
				CLANG_WARN__DUPLICATE_METHOD_MATCH = YES;
				"CODE_SIGN_IDENTITY[sdk=iphoneos*]" = "iPhone Developer";
				COPY_PHASE_STRIP = NO;
				DEBUG_INFORMATION_FORMAT = "dwarf-with-dsym";
				ENABLE_NS_ASSERTIONS = NO;
				ENABLE_STRICT_OBJC_MSGSEND = YES;
				GCC_C_LANGUAGE_STANDARD = gnu99;
				GCC_NO_COMMON_BLOCKS = YES;
				GCC_WARN_64_TO_32_BIT_CONVERSION = YES;
				GCC_WARN_ABOUT_RETURN_TYPE = YES_ERROR;
				GCC_WARN_UNDECLARED_SELECTOR = YES;
				GCC_WARN_UNINITIALIZED_AUTOS = YES_AGGRESSIVE;
				GCC_WARN_UNUSED_FUNCTION = YES;
				GCC_WARN_UNUSED_VARIABLE = YES;
				IPHONEOS_DEPLOYMENT_TARGET = 10.3;
				MTL_ENABLE_DEBUG_INFO = NO;
				SDKROOT = iphoneos;
				SWIFT_OPTIMIZATION_LEVEL = "-Owholemodule";
				TARGETED_DEVICE_FAMILY = "1,2";
				VALIDATE_PRODUCT = YES;
			};
			name = Release;
		};
		1BB622FF1E9765B200CAD30C /* Debug */ = {
			isa = XCBuildConfiguration;
			baseConfigurationReference = 4C29E6AA1EA66C42F36CC766 /* Pods-delivery.debug.xcconfig */;
			buildSettings = {
				ASSETCATALOG_COMPILER_APPICON_NAME = AppIcon;
				DEVELOPMENT_TEAM = 7XX95HRPFP;
				INFOPLIST_FILE = delivery/Info.plist;
				LD_RUNPATH_SEARCH_PATHS = "$(inherited) @executable_path/Frameworks";
				PRODUCT_BUNDLE_IDENTIFIER = tech.arslan2012.delivery;
				PRODUCT_NAME = "$(TARGET_NAME)";
				SWIFT_VERSION = 3.0;
			};
			name = Debug;
		};
		1BB623001E9765B200CAD30C /* Release */ = {
			isa = XCBuildConfiguration;
			baseConfigurationReference = A033DC819FBBA28DED248F14 /* Pods-delivery.release.xcconfig */;
			buildSettings = {
				ASSETCATALOG_COMPILER_APPICON_NAME = AppIcon;
				DEVELOPMENT_TEAM = 7XX95HRPFP;
				INFOPLIST_FILE = delivery/Info.plist;
				LD_RUNPATH_SEARCH_PATHS = "$(inherited) @executable_path/Frameworks";
				PRODUCT_BUNDLE_IDENTIFIER = tech.arslan2012.delivery;
				PRODUCT_NAME = "$(TARGET_NAME)";
				SWIFT_VERSION = 3.0;
			};
			name = Release;
		};
		1BB623021E9765B200CAD30C /* Debug */ = {
			isa = XCBuildConfiguration;
			buildSettings = {
				ALWAYS_EMBED_SWIFT_STANDARD_LIBRARIES = YES;
				BUNDLE_LOADER = "$(TEST_HOST)";
				INFOPLIST_FILE = deliveryTests/Info.plist;
				LD_RUNPATH_SEARCH_PATHS = "$(inherited) @executable_path/Frameworks @loader_path/Frameworks";
				PRODUCT_BUNDLE_IDENTIFIER = tech.arslan2012.deliveryTests;
				PRODUCT_NAME = "$(TARGET_NAME)";
				SWIFT_VERSION = 3.0;
				TEST_HOST = "$(BUILT_PRODUCTS_DIR)/delivery.app/delivery";
			};
			name = Debug;
		};
		1BB623031E9765B200CAD30C /* Release */ = {
			isa = XCBuildConfiguration;
			buildSettings = {
				ALWAYS_EMBED_SWIFT_STANDARD_LIBRARIES = YES;
				BUNDLE_LOADER = "$(TEST_HOST)";
				INFOPLIST_FILE = deliveryTests/Info.plist;
				LD_RUNPATH_SEARCH_PATHS = "$(inherited) @executable_path/Frameworks @loader_path/Frameworks";
				PRODUCT_BUNDLE_IDENTIFIER = tech.arslan2012.deliveryTests;
				PRODUCT_NAME = "$(TARGET_NAME)";
				SWIFT_VERSION = 3.0;
				TEST_HOST = "$(BUILT_PRODUCTS_DIR)/delivery.app/delivery";
			};
			name = Release;
		};
		1BB623051E9765B200CAD30C /* Debug */ = {
			isa = XCBuildConfiguration;
			buildSettings = {
				ALWAYS_EMBED_SWIFT_STANDARD_LIBRARIES = YES;
				INFOPLIST_FILE = deliveryUITests/Info.plist;
				LD_RUNPATH_SEARCH_PATHS = "$(inherited) @executable_path/Frameworks @loader_path/Frameworks";
				PRODUCT_BUNDLE_IDENTIFIER = tech.arslan2012.deliveryUITests;
				PRODUCT_NAME = "$(TARGET_NAME)";
				SWIFT_VERSION = 3.0;
				TEST_TARGET_NAME = delivery;
			};
			name = Debug;
		};
		1BB623061E9765B200CAD30C /* Release */ = {
			isa = XCBuildConfiguration;
			buildSettings = {
				ALWAYS_EMBED_SWIFT_STANDARD_LIBRARIES = YES;
				INFOPLIST_FILE = deliveryUITests/Info.plist;
				LD_RUNPATH_SEARCH_PATHS = "$(inherited) @executable_path/Frameworks @loader_path/Frameworks";
				PRODUCT_BUNDLE_IDENTIFIER = tech.arslan2012.deliveryUITests;
				PRODUCT_NAME = "$(TARGET_NAME)";
				SWIFT_VERSION = 3.0;
				TEST_TARGET_NAME = delivery;
			};
			name = Release;
		};
/* End XCBuildConfiguration section */

/* Begin XCConfigurationList section */
		1BB622CE1E9765B200CAD30C /* Build configuration list for PBXProject "delivery" */ = {
			isa = XCConfigurationList;
			buildConfigurations = (
				1BB622FC1E9765B200CAD30C /* Debug */,
				1BB622FD1E9765B200CAD30C /* Release */,
			);
			defaultConfigurationIsVisible = 0;
			defaultConfigurationName = Release;
		};
		1BB622FE1E9765B200CAD30C /* Build configuration list for PBXNativeTarget "delivery" */ = {
			isa = XCConfigurationList;
			buildConfigurations = (
				1BB622FF1E9765B200CAD30C /* Debug */,
				1BB623001E9765B200CAD30C /* Release */,
			);
			defaultConfigurationIsVisible = 0;
			defaultConfigurationName = Release;
		};
		1BB623011E9765B200CAD30C /* Build configuration list for PBXNativeTarget "deliveryTests" */ = {
			isa = XCConfigurationList;
			buildConfigurations = (
				1BB623021E9765B200CAD30C /* Debug */,
				1BB623031E9765B200CAD30C /* Release */,
			);
			defaultConfigurationIsVisible = 0;
			defaultConfigurationName = Release;
		};
		1BB623041E9765B200CAD30C /* Build configuration list for PBXNativeTarget "deliveryUITests" */ = {
			isa = XCConfigurationList;
			buildConfigurations = (
				1BB623051E9765B200CAD30C /* Debug */,
				1BB623061E9765B200CAD30C /* Release */,
			);
			defaultConfigurationIsVisible = 0;
			defaultConfigurationName = Release;
		};
/* End XCConfigurationList section */

/* Begin XCVersionGroup section */
		1BB622DD1E9765B200CAD30C /* delivery.xcdatamodeld */ = {
			isa = XCVersionGroup;
			children = (
				1BB622DE1E9765B200CAD30C /* delivery.xcdatamodel */,
			);
			currentVersion = 1BB622DE1E9765B200CAD30C /* delivery.xcdatamodel */;
			path = delivery.xcdatamodeld;
			sourceTree = "<group>";
			versionGroupType = wrapper.xcdatamodel;
		};
/* End XCVersionGroup section */
	};
	rootObject = 1BB622CB1E9765B200CAD30C /* Project object */;
}
